
Microsoft Visual Studio Solution File, Format Version 12.00
# Visual Studio 2017
Project("{FAE04EC0-301F-11D3-BF4B-00C04F79EFBC}") = "vr3", "vr3.csproj", "{C098E96B-4ECC-35E9-B6CC-72CCFB9ED74E}"
EndProject
Project("{FAE04EC0-301F-11D3-BF4B-00C04F79EFBC}") = "vr3.Editor", "vr3.Editor.csproj", "{0AB5E4E7-253E-C870-103C-7F19F64528EB}"
EndProject
Global
	GlobalSection(SolutionConfigurationPlatforms) = preSolution
		Debug|Any CPU = Debug|Any CPU
		Release|Any CPU = Release|Any CPU
	EndGlobalSection
	GlobalSection(ProjectConfigurationPlatforms) = postSolution
		{C098E96B-4ECC-35E9-B6CC-72CCFB9ED74E}.Debug|Any CPU.ActiveCfg = Debug|Any CPU
		{C098E96B-4ECC-35E9-B6CC-72CCFB9ED74E}.Debug|Any CPU.Build.0 = Debug|Any CPU
		{C098E96B-4ECC-35E9-B6CC-72CCFB9ED74E}.Release|Any CPU.ActiveCfg = Release|Any CPU
		{C098E96B-4ECC-35E9-B6CC-72CCFB9ED74E}.Release|Any CPU.Build.0 = Release|Any CPU
		{0AB5E4E7-253E-C870-103C-7F19F64528EB}.Debug|Any CPU.ActiveCfg = Debug|Any CPU
		{0AB5E4E7-253E-C870-103C-7F19F64528EB}.Debug|Any CPU.Build.0 = Debug|Any CPU
		{0AB5E4E7-253E-C870-103C-7F19F64528EB}.Release|Any CPU.ActiveCfg = Release|Any CPU
		{0AB5E4E7-253E-C870-103C-7F19F64528EB}.Release|Any CPU.Build.0 = Release|Any CPU
	EndGlobalSection
	GlobalSection(SolutionProperties) = preSolution
		HideSolutionNode = FALSE
	EndGlobalSection
EndGlobal
