
Microsoft Visual Studio Solution File, Format Version 12.00
# Visual Studio 15
Project("{FAE04EC0-301F-11D3-BF4B-00C04F79EFBC}") = "icart_VR", "icart_VR.csproj", "{C1EDE91D-EBED-9A95-9977-0B28FB353952}"
EndProject
Project("{FAE04EC0-301F-11D3-BF4B-00C04F79EFBC}") = "icart_VR.Editor", "icart_VR.Editor.csproj", "{DA6AC47E-E649-BF14-AD0C-87A3CD448D18}"
EndProject
Global
	GlobalSection(SolutionConfigurationPlatforms) = preSolution
		Debug|Any CPU = Debug|Any CPU
		Release|Any CPU = Release|Any CPU
	EndGlobalSection
	GlobalSection(ProjectConfigurationPlatforms) = postSolution
		{C1EDE91D-EBED-9A95-9977-0B28FB353952}.Debug|Any CPU.ActiveCfg = Debug|Any CPU
		{C1EDE91D-EBED-9A95-9977-0B28FB353952}.Debug|Any CPU.Build.0 = Debug|Any CPU
		{C1EDE91D-EBED-9A95-9977-0B28FB353952}.Release|Any CPU.ActiveCfg = Release|Any CPU
		{C1EDE91D-EBED-9A95-9977-0B28FB353952}.Release|Any CPU.Build.0 = Release|Any CPU
		{DA6AC47E-E649-BF14-AD0C-87A3CD448D18}.Debug|Any CPU.ActiveCfg = Debug|Any CPU
		{DA6AC47E-E649-BF14-AD0C-87A3CD448D18}.Debug|Any CPU.Build.0 = Debug|Any CPU
		{DA6AC47E-E649-BF14-AD0C-87A3CD448D18}.Release|Any CPU.ActiveCfg = Release|Any CPU
		{DA6AC47E-E649-BF14-AD0C-87A3CD448D18}.Release|Any CPU.Build.0 = Release|Any CPU
	EndGlobalSection
	GlobalSection(SolutionProperties) = preSolution
		HideSolutionNode = FALSE
	EndGlobalSection
EndGlobal
