
Microsoft Visual Studio Solution File, Format Version 12.00
# Visual Studio 15
Project("{FAE04EC0-301F-11D3-BF4B-00C04F79EFBC}") = "PointCloudTest", "PointCloudTest.csproj", "{939A4360-FBB8-C4D2-FCAC-055EE07E825A}"
EndProject
Project("{FAE04EC0-301F-11D3-BF4B-00C04F79EFBC}") = "PointCloudTest.Editor", "PointCloudTest.Editor.csproj", "{F2973FD1-0464-1A60-1D0B-6AB89A670CDF}"
EndProject
Global
	GlobalSection(SolutionConfigurationPlatforms) = preSolution
		Debug|Any CPU = Debug|Any CPU
		Release|Any CPU = Release|Any CPU
	EndGlobalSection
	GlobalSection(ProjectConfigurationPlatforms) = postSolution
		{939A4360-FBB8-C4D2-FCAC-055EE07E825A}.Debug|Any CPU.ActiveCfg = Debug|Any CPU
		{939A4360-FBB8-C4D2-FCAC-055EE07E825A}.Debug|Any CPU.Build.0 = Debug|Any CPU
		{939A4360-FBB8-C4D2-FCAC-055EE07E825A}.Release|Any CPU.ActiveCfg = Release|Any CPU
		{939A4360-FBB8-C4D2-FCAC-055EE07E825A}.Release|Any CPU.Build.0 = Release|Any CPU
		{F2973FD1-0464-1A60-1D0B-6AB89A670CDF}.Debug|Any CPU.ActiveCfg = Debug|Any CPU
		{F2973FD1-0464-1A60-1D0B-6AB89A670CDF}.Debug|Any CPU.Build.0 = Debug|Any CPU
		{F2973FD1-0464-1A60-1D0B-6AB89A670CDF}.Release|Any CPU.ActiveCfg = Release|Any CPU
		{F2973FD1-0464-1A60-1D0B-6AB89A670CDF}.Release|Any CPU.Build.0 = Release|Any CPU
	EndGlobalSection
	GlobalSection(SolutionProperties) = preSolution
		HideSolutionNode = FALSE
	EndGlobalSection
EndGlobal
