
Microsoft Visual Studio Solution File, Format Version 12.00
# Visual Studio 15
Project("{FAE04EC0-301F-11D3-BF4B-00C04F79EFBC}") = "Laser_test", "Laser_test.csproj", "{33A3E5BE-585B-BFFD-FCF2-1F9694DB7ECF}"
EndProject
Project("{FAE04EC0-301F-11D3-BF4B-00C04F79EFBC}") = "Laser_test.Editor", "Laser_test.Editor.csproj", "{0CC73108-156B-724D-FA0E-2DC32FDC84DD}"
EndProject
Global
	GlobalSection(SolutionConfigurationPlatforms) = preSolution
		Debug|Any CPU = Debug|Any CPU
		Release|Any CPU = Release|Any CPU
	EndGlobalSection
	GlobalSection(ProjectConfigurationPlatforms) = postSolution
		{33A3E5BE-585B-BFFD-FCF2-1F9694DB7ECF}.Debug|Any CPU.ActiveCfg = Debug|Any CPU
		{33A3E5BE-585B-BFFD-FCF2-1F9694DB7ECF}.Debug|Any CPU.Build.0 = Debug|Any CPU
		{33A3E5BE-585B-BFFD-FCF2-1F9694DB7ECF}.Release|Any CPU.ActiveCfg = Release|Any CPU
		{33A3E5BE-585B-BFFD-FCF2-1F9694DB7ECF}.Release|Any CPU.Build.0 = Release|Any CPU
		{0CC73108-156B-724D-FA0E-2DC32FDC84DD}.Debug|Any CPU.ActiveCfg = Debug|Any CPU
		{0CC73108-156B-724D-FA0E-2DC32FDC84DD}.Debug|Any CPU.Build.0 = Debug|Any CPU
		{0CC73108-156B-724D-FA0E-2DC32FDC84DD}.Release|Any CPU.ActiveCfg = Release|Any CPU
		{0CC73108-156B-724D-FA0E-2DC32FDC84DD}.Release|Any CPU.Build.0 = Release|Any CPU
	EndGlobalSection
	GlobalSection(SolutionProperties) = preSolution
		HideSolutionNode = FALSE
	EndGlobalSection
EndGlobal
