
Microsoft Visual Studio Solution File, Format Version 12.00
# Visual Studio 15
Project("{FAE04EC0-301F-11D3-BF4B-00C04F79EFBC}") = "oculus_test", "oculus_test.csproj", "{6EEC2E3F-B536-2F21-107F-75591F5D34A7}"
EndProject
Project("{FAE04EC0-301F-11D3-BF4B-00C04F79EFBC}") = "oculus_test.Editor", "oculus_test.Editor.csproj", "{5E5AC36F-B83E-9AC8-ADC8-C92AD707B769}"
EndProject
Global
	GlobalSection(SolutionConfigurationPlatforms) = preSolution
		Debug|Any CPU = Debug|Any CPU
		Release|Any CPU = Release|Any CPU
	EndGlobalSection
	GlobalSection(ProjectConfigurationPlatforms) = postSolution
		{6EEC2E3F-B536-2F21-107F-75591F5D34A7}.Debug|Any CPU.ActiveCfg = Debug|Any CPU
		{6EEC2E3F-B536-2F21-107F-75591F5D34A7}.Debug|Any CPU.Build.0 = Debug|Any CPU
		{6EEC2E3F-B536-2F21-107F-75591F5D34A7}.Release|Any CPU.ActiveCfg = Release|Any CPU
		{6EEC2E3F-B536-2F21-107F-75591F5D34A7}.Release|Any CPU.Build.0 = Release|Any CPU
		{5E5AC36F-B83E-9AC8-ADC8-C92AD707B769}.Debug|Any CPU.ActiveCfg = Debug|Any CPU
		{5E5AC36F-B83E-9AC8-ADC8-C92AD707B769}.Debug|Any CPU.Build.0 = Debug|Any CPU
		{5E5AC36F-B83E-9AC8-ADC8-C92AD707B769}.Release|Any CPU.ActiveCfg = Release|Any CPU
		{5E5AC36F-B83E-9AC8-ADC8-C92AD707B769}.Release|Any CPU.Build.0 = Release|Any CPU
	EndGlobalSection
	GlobalSection(SolutionProperties) = preSolution
		HideSolutionNode = FALSE
	EndGlobalSection
EndGlobal
